
Microsoft Visual Studio Solution File, Format Version 12.00
# Visual Studio Version 17
VisualStudioVersion = 17.0.31919.166
MinimumVisualStudioVersion = 10.0.40219.1
Project("{9A19103F-16F7-4668-BE54-9A1E7A4F7556}") = "UserData", "UserData\UserData.csproj", "{E7EEB0AB-648B-4221-BD76-8D6A2938C6BB}"
EndProject
Project("{9A19103F-16F7-4668-BE54-9A1E7A4F7556}") = "UserAge", "UserAge\UserAge.csproj", "{8FADF2CF-FA82-4085-84C7-38C941C8E31F}"
EndProject
Project("{9A19103F-16F7-4668-BE54-9A1E7A4F7556}") = "InstagramAgeCheck", "InstagramAgeCheck\InstagramAgeCheck.csproj", "{DD6E3C4E-E876-4E80-8493-8466C4F083BD}"
EndProject
Project("{FAE04EC0-301F-11D3-BF4B-00C04F79EFBC}") = "DrivingLicence", "DrivingLicence\DrivingLicence.csproj", "{5BDAB9CB-2F08-4623-B247-3576FEEFFDE2}"
EndProject
Global
	GlobalSection(SolutionConfigurationPlatforms) = preSolution
		Debug|Any CPU = Debug|Any CPU
		Release|Any CPU = Release|Any CPU
	EndGlobalSection
	GlobalSection(ProjectConfigurationPlatforms) = postSolution
		{E7EEB0AB-648B-4221-BD76-8D6A2938C6BB}.Debug|Any CPU.ActiveCfg = Debug|Any CPU
		{E7EEB0AB-648B-4221-BD76-8D6A2938C6BB}.Debug|Any CPU.Build.0 = Debug|Any CPU
		{E7EEB0AB-648B-4221-BD76-8D6A2938C6BB}.Release|Any CPU.ActiveCfg = Release|Any CPU
		{E7EEB0AB-648B-4221-BD76-8D6A2938C6BB}.Release|Any CPU.Build.0 = Release|Any CPU
		{8FADF2CF-FA82-4085-84C7-38C941C8E31F}.Debug|Any CPU.ActiveCfg = Debug|Any CPU
		{8FADF2CF-FA82-4085-84C7-38C941C8E31F}.Debug|Any CPU.Build.0 = Debug|Any CPU
		{8FADF2CF-FA82-4085-84C7-38C941C8E31F}.Release|Any CPU.ActiveCfg = Release|Any CPU
		{8FADF2CF-FA82-4085-84C7-38C941C8E31F}.Release|Any CPU.Build.0 = Release|Any CPU
		{DD6E3C4E-E876-4E80-8493-8466C4F083BD}.Debug|Any CPU.ActiveCfg = Debug|Any CPU
		{DD6E3C4E-E876-4E80-8493-8466C4F083BD}.Debug|Any CPU.Build.0 = Debug|Any CPU
		{DD6E3C4E-E876-4E80-8493-8466C4F083BD}.Release|Any CPU.ActiveCfg = Release|Any CPU
		{DD6E3C4E-E876-4E80-8493-8466C4F083BD}.Release|Any CPU.Build.0 = Release|Any CPU
		{5BDAB9CB-2F08-4623-B247-3576FEEFFDE2}.Debug|Any CPU.ActiveCfg = Debug|Any CPU
		{5BDAB9CB-2F08-4623-B247-3576FEEFFDE2}.Debug|Any CPU.Build.0 = Debug|Any CPU
		{5BDAB9CB-2F08-4623-B247-3576FEEFFDE2}.Release|Any CPU.ActiveCfg = Release|Any CPU
		{5BDAB9CB-2F08-4623-B247-3576FEEFFDE2}.Release|Any CPU.Build.0 = Release|Any CPU
	EndGlobalSection
	GlobalSection(SolutionProperties) = preSolution
		HideSolutionNode = FALSE
	EndGlobalSection
	GlobalSection(ExtensibilityGlobals) = postSolution
		SolutionGuid = {6BF11C4B-0958-44F0-9DA4-49CDBB65EDD5}
	EndGlobalSection
EndGlobal
